{
  "version": 4,
  "terraform_version": "1.12.2",
  "serial": 1,
  "lineage": "3ff5c279-cee0-3dfc-684c-087088c9ff24",
  "outputs": {},
  "resources": [
    {
      "mode": "managed",
      "type": "local_file",
      "name": "myfile",
      "provider": "provider[\"registry.terraform.io/hashicorp/local\"]",
      "instances": [
        {
          "schema_version": 0,
          "attributes": {
            "content": "This is the file created by terraform.",
            "content_base64": null,
            "content_base64sha256": "5HQTl/XwYIBZO8FYgdiCbzLdC1QJ9eQgOpuzmPFkG1Q=",
            "content_base64sha512": "T8rQk2M1RvxpJiB4jTtyphN+B1lFRF0hmudbKAGoZFmmJc61zRkyVnqwy0+UpH2CKDgNY27F4x9dr5NXBCXReQ==",
            "content_md5": "6cf4eaba0c98128dd0dc63255cbdc62f",
            "content_sha1": "63df26c9469081505bc781bc75ff38af074a81ff",
            "content_sha256": "e4741397f5f06080593bc15881d8826f32dd0b5409f5e4203a9bb398f1641b54",
            "content_sha512": "4fcad093633546fc692620788d3b72a6137e075945445d219ae75b2801a86459a625ceb5cd1932567ab0cb4f94a47d8228380d636ec5e31f5daf93570425d179",
            "directory_permission": "0777",
            "file_permission": "0777",
            "filename": "fileByTff.txt",
            "id": "63df26c9469081505bc781bc75ff38af074a81ff",
            "sensitive_content": null,
            "source": null
          },
          "sensitive_attributes": [
            [
              {
                "type": "get_attr",
                "value": "sensitive_content"
              }
            ]
          ],
          "identity_schema_version": 0
        }
      ]
    }
  ],
  "check_results": null
}
